
Microsoft Visual Studio Solution File, Format Version 12.00
# Visual Studio Version 17
VisualStudioVersion = 17.9.34607.119
MinimumVisualStudioVersion = 10.0.40219.1
Project("{FAE04EC0-301F-11D3-BF4B-00C04F79EFBC}") = "RandomDataGenerater", "RandomDataGenerater.csproj", "{2C84FFDE-2FC2-4ACF-8855-2D4DC267A81C}"
EndProject
Global
	GlobalSection(SolutionConfigurationPlatforms) = preSolution
		Debug|Any CPU = Debug|Any CPU
		Release|Any CPU = Release|Any CPU
	EndGlobalSection
	GlobalSection(ProjectConfigurationPlatforms) = postSolution
		{2C84FFDE-2FC2-4ACF-8855-2D4DC267A81C}.Debug|Any CPU.ActiveCfg = Debug|Any CPU
		{2C84FFDE-2FC2-4ACF-8855-2D4DC267A81C}.Debug|Any CPU.Build.0 = Debug|Any CPU
		{2C84FFDE-2FC2-4ACF-8855-2D4DC267A81C}.Release|Any CPU.ActiveCfg = Release|Any CPU
		{2C84FFDE-2FC2-4ACF-8855-2D4DC267A81C}.Release|Any CPU.Build.0 = Release|Any CPU
	EndGlobalSection
	GlobalSection(SolutionProperties) = preSolution
		HideSolutionNode = FALSE
	EndGlobalSection
	GlobalSection(ExtensibilityGlobals) = postSolution
		SolutionGuid = {0E100BE6-29F3-4C45-8FCD-527D07C9C434}
	EndGlobalSection
EndGlobal
